PODS:
  - Charts (3.3.0):
    - Charts/Core (= 3.3.0)
  - Charts/Core (3.3.0)
  - CSV.swift (2.4.2)
  - ESense (0.1.2)

DEPENDENCIES:
  - Charts
  - CSV.swift (~> 2.4.2)
  - ESense (from `../`)

SPEC REPOS:
  https://github.com/cocoapods/specs.git:
    - Charts
    - CSV.swift

EXTERNAL SOURCES:
  ESense:
    :path: "../"

SPEC CHECKSUMS:
  Charts: e0dd4cd8f257bccf98407b58183ddca8e8d5b578
  CSV.swift: 9670cc1b3e3f01e9eebb1aeb603b17b4459e7493
  ESense: 7ed947cd9ecb102bd18064aedf45289efe7108de

PODFILE CHECKSUM: 07a8b3358f22cade33000b79aa11af1f7b60ab41

COCOAPODS: 1.7.0.beta.3
